{
	"name": "skyciv",
	"version": "1.2.1",
	"lockfileVersion": 2,
	"requires": true,
	"packages": {
		"": {
			"version": "1.2.1",
			"license": "MIT",
			"dependencies": {
				"skyciv": "^1.2.1"
			}
		},
		"node_modules/skyciv": {
			"version": "1.2.1",
			"resolved": "https://registry.npmjs.org/skyciv/-/skyciv-1.2.1.tgz",
			"integrity": "sha512-4ugXNVhLPw6hz0wVowW5ohTs3+fCwSiYLM0itwM639wzFma3QeGs7oicJyHlxpH/WcbJtUS4M7+eifHvn4F0dA=="
		}
	},
	"dependencies": {
		"skyciv": {
			"version": "1.2.1",
			"resolved": "https://registry.npmjs.org/skyciv/-/skyciv-1.2.1.tgz",
			"integrity": "sha512-4ugXNVhLPw6hz0wVowW5ohTs3+fCwSiYLM0itwM639wzFma3QeGs7oicJyHlxpH/WcbJtUS4M7+eifHvn4F0dA=="
		}
	}
}
